{
  "name": "bowtie-ata",
  "version": "1.0.0",
  "lockfileVersion": 3,
  "requires": true,
  "packages": {
    "": {
      "name": "bowtie-ata",
      "version": "1.0.0",
      "dependencies": {
        "ata-validator": "^1.6.0"
      }
    },
    "node_modules/@ata-validator/native-darwin-arm64": {
      "version": "1.6.0",
      "resolved": "https://registry.npmjs.org/@ata-validator/native-darwin-arm64/-/native-darwin-arm64-1.6.0.tgz",
      "integrity": "sha512-n65/WAXwF7e6yiir1xHMavksu6z37CRcVMwZbsya1ehLdgDT1xTwXhoZhO5W92VyYOPtCCP+W+klZF0TmuoUcw==",
      "cpu": [
        "arm64"
      ],
      "license": "MIT",
      "optional": true,
      "os": [
        "darwin"
      ]
    },
    "node_modules/@ata-validator/native-linux-arm64-gnu": {
      "version": "1.6.0",
      "resolved": "https://registry.npmjs.org/@ata-validator/native-linux-arm64-gnu/-/native-linux-arm64-gnu-1.6.0.tgz",
      "integrity": "sha512-vII4nY3Hy/9R4dKz9v1DzN/coD0rqQsSEYoimLpG/QsGK6Lg9dg+pN4jDirJaSJS/M7UQnQBy1MQNNBCc8VcRQ==",
      "cpu": [
        "arm64"
      ],
      "license": "MIT",
      "optional": true,
      "os": [
        "linux"
      ]
    },
    "node_modules/@ata-validator/native-linux-arm64-musl": {
      "version": "1.6.0",
      "resolved": "https://registry.npmjs.org/@ata-validator/native-linux-arm64-musl/-/native-linux-arm64-musl-1.6.0.tgz",
      "integrity": "sha512-0vagQh4axlSoQxSgFdhQc+ZlHsr0rtJtg3zig+8felNuhb+BxqvUf5Qvn+Z0E2LLiVyU/IrnYxSfK2tHOv/kGw==",
      "cpu": [
        "arm64"
      ],
      "license": "MIT",
      "optional": true,
      "os": [
        "linux"
      ]
    },
    "node_modules/@ata-validator/native-linux-x64-gnu": {
      "version": "1.6.0",
      "resolved": "https://registry.npmjs.org/@ata-validator/native-linux-x64-gnu/-/native-linux-x64-gnu-1.6.0.tgz",
      "integrity": "sha512-Qmbfh6Z1vUTSzY6xZtWll77b2GkZu13JyIMmyADX2d3wA0DfM1kfLSMHTW8wNEHpwHLit2v5WSKJ1VEHAAkrdA==",
      "cpu": [
        "x64"
      ],
      "license": "MIT",
      "optional": true,
      "os": [
        "linux"
      ]
    },
    "node_modules/@ata-validator/native-linux-x64-musl": {
      "version": "1.6.0",
      "resolved": "https://registry.npmjs.org/@ata-validator/native-linux-x64-musl/-/native-linux-x64-musl-1.6.0.tgz",
      "integrity": "sha512-Ghh/n4XN4lAGR10dPujz9E9ZsFDqmNxlRT/1XmgJxRYDEjYzsek2+LSaeUYUHGXdDypVcd2+8ZOgjcaovsmWWQ==",
      "cpu": [
        "x64"
      ],
      "license": "MIT",
      "optional": true,
      "os": [
        "linux"
      ]
    },
    "node_modules/@ata-validator/native-win32-x64": {
      "version": "1.6.0",
      "resolved": "https://registry.npmjs.org/@ata-validator/native-win32-x64/-/native-win32-x64-1.6.0.tgz",
      "integrity": "sha512-yk78kHvL/jJRSVZl3OXToz+K4ygpycEX8sr+E02OSNpR6K+9qg5EE8O+bnAQQYgeumFug7DPraEJ/fnjntUFHA==",
      "cpu": [
        "x64"
      ],
      "license": "MIT",
      "optional": true,
      "os": [
        "win32"
      ]
    },
    "node_modules/ata-validator": {
      "version": "1.6.0",
      "resolved": "https://registry.npmjs.org/ata-validator/-/ata-validator-1.6.0.tgz",
      "integrity": "sha512-ZJ1hRDPZXhE7yg392+Dx+GVaq0qFHgIgVi5V0XFJ2Ftpvq0ke+HcCGWkuH2Vo1AZNQloyFLIOH5+o6X4pVn8Pw==",
      "license": "MIT",
      "bin": {
        "ata": "bin/ata.js"
      },
      "engines": {
        "node": ">=20.0.0"
      },
      "optionalDependencies": {
        "@ata-validator/native-darwin-arm64": "1.6.0",
        "@ata-validator/native-linux-arm64-gnu": "1.6.0",
        "@ata-validator/native-linux-arm64-musl": "1.6.0",
        "@ata-validator/native-linux-x64-gnu": "1.6.0",
        "@ata-validator/native-linux-x64-musl": "1.6.0",
        "@ata-validator/native-win32-x64": "1.6.0"
      },
      "peerDependencies": {
        "yaml": "^2.0.0"
      },
      "peerDependenciesMeta": {
        "yaml": {
          "optional": true
        }
      }
    }
  }
}
