{
  "name": "bowtie-ata",
  "version": "1.0.0",
  "lockfileVersion": 3,
  "requires": true,
  "packages": {
    "": {
      "name": "bowtie-ata",
      "version": "1.0.0",
      "dependencies": {
        "ata-validator": "^1.7.1"
      }
    },
    "node_modules/@ata-validator/native-darwin-arm64": {
      "version": "1.7.1",
      "resolved": "https://registry.npmjs.org/@ata-validator/native-darwin-arm64/-/native-darwin-arm64-1.7.1.tgz",
      "integrity": "sha512-+rCIawjh7ma6V97eunKKFUqkDw92tQDl1fMUkOklxvTJNib1/b6Rpm4noxKMUnY2veL0dOnUiJA9iD6/oMNFww==",
      "cpu": [
        "arm64"
      ],
      "license": "MIT",
      "optional": true,
      "os": [
        "darwin"
      ]
    },
    "node_modules/@ata-validator/native-linux-arm64-gnu": {
      "version": "1.7.1",
      "resolved": "https://registry.npmjs.org/@ata-validator/native-linux-arm64-gnu/-/native-linux-arm64-gnu-1.7.1.tgz",
      "integrity": "sha512-39pf8Z1asGBqJP3RvIytDlB5+YkM5scEPSH0QhC+o9LarR5Esxi+oxghtWEICzjpZ32KatMu4ohU6Vu577zp0A==",
      "cpu": [
        "arm64"
      ],
      "libc": [
        "glibc"
      ],
      "license": "MIT",
      "optional": true,
      "os": [
        "linux"
      ]
    },
    "node_modules/@ata-validator/native-linux-arm64-musl": {
      "version": "1.7.1",
      "resolved": "https://registry.npmjs.org/@ata-validator/native-linux-arm64-musl/-/native-linux-arm64-musl-1.7.1.tgz",
      "integrity": "sha512-hT2FllhjmHjtm1RKKYsvnJgSl3b5dYIlZ7XcnIDjPNTfiScxKPFgTm1JEmWnzDCpiDKFvN6PCqkTyvxGCBt+ww==",
      "cpu": [
        "arm64"
      ],
      "libc": [
        "musl"
      ],
      "license": "MIT",
      "optional": true,
      "os": [
        "linux"
      ]
    },
    "node_modules/@ata-validator/native-linux-x64-gnu": {
      "version": "1.7.1",
      "resolved": "https://registry.npmjs.org/@ata-validator/native-linux-x64-gnu/-/native-linux-x64-gnu-1.7.1.tgz",
      "integrity": "sha512-4Myl5SGYelEd5oIuC+WXe3YplwmufmvNEpipRqhnHYcP686XhVPOu6fX1c8XrUO0Z+T12/QC6/7OBkQxDtIpyg==",
      "cpu": [
        "x64"
      ],
      "libc": [
        "glibc"
      ],
      "license": "MIT",
      "optional": true,
      "os": [
        "linux"
      ]
    },
    "node_modules/@ata-validator/native-linux-x64-musl": {
      "version": "1.7.1",
      "resolved": "https://registry.npmjs.org/@ata-validator/native-linux-x64-musl/-/native-linux-x64-musl-1.7.1.tgz",
      "integrity": "sha512-BDu2yQ62l4f3KzlH5lk3DvXPm65kS1XEs0XXb5iIdYqR1nOwrGJqknZe6ZstC22PsFGVPuIxlrZyCgd6sRk/zQ==",
      "cpu": [
        "x64"
      ],
      "libc": [
        "musl"
      ],
      "license": "MIT",
      "optional": true,
      "os": [
        "linux"
      ]
    },
    "node_modules/@ata-validator/native-win32-x64": {
      "version": "1.7.1",
      "resolved": "https://registry.npmjs.org/@ata-validator/native-win32-x64/-/native-win32-x64-1.7.1.tgz",
      "integrity": "sha512-7gpQJl4I8uqVV1B5efOCArvYkS8kTwqSzp/b2G5hHpTLeaXm4e5GXggbmnDz+8QKV+w5ZUqWkwioWBIKrPHRAg==",
      "cpu": [
        "x64"
      ],
      "license": "MIT",
      "optional": true,
      "os": [
        "win32"
      ]
    },
    "node_modules/ata-validator": {
      "version": "1.7.1",
      "resolved": "https://registry.npmjs.org/ata-validator/-/ata-validator-1.7.1.tgz",
      "integrity": "sha512-F6wI/4eloocgtYkZFzsEqxSCSyANFxDKi9aYToqZQLBqoDT2rzYLIwhRhM90TvwjeZ914hbV9YafaWPigbOEzw==",
      "license": "MIT",
      "bin": {
        "ata": "bin/ata.js"
      },
      "engines": {
        "node": ">=20.0.0"
      },
      "optionalDependencies": {
        "@ata-validator/native-darwin-arm64": "1.7.1",
        "@ata-validator/native-linux-arm64-gnu": "1.7.1",
        "@ata-validator/native-linux-arm64-musl": "1.7.1",
        "@ata-validator/native-linux-x64-gnu": "1.7.1",
        "@ata-validator/native-linux-x64-musl": "1.7.1",
        "@ata-validator/native-win32-x64": "1.7.1"
      },
      "peerDependencies": {
        "yaml": "^2.0.0"
      },
      "peerDependenciesMeta": {
        "yaml": {
          "optional": true
        }
      }
    }
  }
}
