{
  "name": "bowtie-ata",
  "version": "1.0.0",
  "lockfileVersion": 3,
  "requires": true,
  "packages": {
    "": {
      "name": "bowtie-ata",
      "version": "1.0.0",
      "dependencies": {
        "ata-validator": "^1.6.1"
      }
    },
    "node_modules/@ata-validator/native-darwin-arm64": {
      "version": "1.6.1",
      "resolved": "https://registry.npmjs.org/@ata-validator/native-darwin-arm64/-/native-darwin-arm64-1.6.1.tgz",
      "integrity": "sha512-GeQg5rLY1PtjaL414TUwmzEqYdXoGUjm/ZzwqYjY22SPhOGtY9CMjb5lhDTxaXfpG3Oav6EsQwPs7bniIS21vg==",
      "cpu": [
        "arm64"
      ],
      "license": "MIT",
      "optional": true,
      "os": [
        "darwin"
      ]
    },
    "node_modules/@ata-validator/native-linux-arm64-gnu": {
      "version": "1.6.1",
      "resolved": "https://registry.npmjs.org/@ata-validator/native-linux-arm64-gnu/-/native-linux-arm64-gnu-1.6.1.tgz",
      "integrity": "sha512-Cb7v34UqaiffcodcOGqHQgpKuCXr8XCmrHGUgSMaR8aFFKBBwwc8//WEJhevsGkcMiX4KwC6sElTOsRppMdHHA==",
      "cpu": [
        "arm64"
      ],
      "license": "MIT",
      "optional": true,
      "os": [
        "linux"
      ]
    },
    "node_modules/@ata-validator/native-linux-arm64-musl": {
      "version": "1.6.1",
      "resolved": "https://registry.npmjs.org/@ata-validator/native-linux-arm64-musl/-/native-linux-arm64-musl-1.6.1.tgz",
      "integrity": "sha512-l5AeWjUvLM+oJzM9lE4Uicau2bvi4AH873NazAaM8hxVLzk5QdUhl+F42h5uDwlz4JsvovG+Oz9XgJZ7ha+gdw==",
      "cpu": [
        "arm64"
      ],
      "license": "MIT",
      "optional": true,
      "os": [
        "linux"
      ]
    },
    "node_modules/@ata-validator/native-linux-x64-gnu": {
      "version": "1.6.1",
      "resolved": "https://registry.npmjs.org/@ata-validator/native-linux-x64-gnu/-/native-linux-x64-gnu-1.6.1.tgz",
      "integrity": "sha512-2dt/dpRXQJE28KpEBA+uNtq6Y8SbBd2V8Pu7uj1yCWWYUdeLV2vZ/w2ri39CCoTbs89yQWY/MfFuLy+81iQ5FQ==",
      "cpu": [
        "x64"
      ],
      "license": "MIT",
      "optional": true,
      "os": [
        "linux"
      ]
    },
    "node_modules/@ata-validator/native-linux-x64-musl": {
      "version": "1.6.1",
      "resolved": "https://registry.npmjs.org/@ata-validator/native-linux-x64-musl/-/native-linux-x64-musl-1.6.1.tgz",
      "integrity": "sha512-IM4TlsPcpNelrqa2tQ5TAMgU8SqMlblmRJsnIBzPJimlk947W6K7GTmsgIIXfcLmWD3pR7Kj0F37QFSaDqvANg==",
      "cpu": [
        "x64"
      ],
      "license": "MIT",
      "optional": true,
      "os": [
        "linux"
      ]
    },
    "node_modules/@ata-validator/native-win32-x64": {
      "version": "1.6.1",
      "resolved": "https://registry.npmjs.org/@ata-validator/native-win32-x64/-/native-win32-x64-1.6.1.tgz",
      "integrity": "sha512-EMuHoDa2OFMsfB9YUZH+UPdSfA0CLEJpmhZ42nJ+GIBCLA3Bg3hYj3cFlHh0R4kK8S+l+gj+//0Id/jAY04gCw==",
      "cpu": [
        "x64"
      ],
      "license": "MIT",
      "optional": true,
      "os": [
        "win32"
      ]
    },
    "node_modules/ata-validator": {
      "version": "1.6.1",
      "resolved": "https://registry.npmjs.org/ata-validator/-/ata-validator-1.6.1.tgz",
      "integrity": "sha512-MSC3BlldpTzvknWjQ5FTwAJG5DQF+h6B4tpzrczof5X6nBRkzkQcqETd5E6rKy+9HX2n6C2AKMiebL8Yhw/Rwg==",
      "license": "MIT",
      "bin": {
        "ata": "bin/ata.js"
      },
      "engines": {
        "node": ">=20.0.0"
      },
      "optionalDependencies": {
        "@ata-validator/native-darwin-arm64": "1.6.1",
        "@ata-validator/native-linux-arm64-gnu": "1.6.1",
        "@ata-validator/native-linux-arm64-musl": "1.6.1",
        "@ata-validator/native-linux-x64-gnu": "1.6.1",
        "@ata-validator/native-linux-x64-musl": "1.6.1",
        "@ata-validator/native-win32-x64": "1.6.1"
      },
      "peerDependencies": {
        "yaml": "^2.0.0"
      },
      "peerDependenciesMeta": {
        "yaml": {
          "optional": true
        }
      }
    }
  }
}
